
Microsoft Visual Studio Solution File, Format Version 12.00
# Visual Studio Version 18
VisualStudioVersion = 18.1.11312.151 d18.0
MinimumVisualStudioVersion = 10.0.40219.1
Project("{FAE04EC0-301F-11D3-BF4B-00C04F79EFBC}") = "_build", "_build\_build.csproj", "{34DBD550-CAFF-4E47-9DD2-1A2C108AD924}"
EndProject
Project("{FAE04EC0-301F-11D3-BF4B-00C04F79EFBC}") = "UnitTests", "UnitTests\UnitTests.csproj", "{745843B0-F86F-4CE1-BE21-E6FBCFE167DC}"
EndProject
Project("{FAE04EC0-301F-11D3-BF4B-00C04F79EFBC}") = "IntegrationTests", "IntegrationTests\IntegrationTests.csproj", "{71A94484-BE72-4864-AEC0-B42E766313BF}"
EndProject
Project("{FAE04EC0-301F-11D3-BF4B-00C04F79EFBC}") = "Module", "Module.csproj", "{1CEE60BE-837B-45B8-98B8-39DCA33C3134}"
EndProject
Project("{54A90642-561A-4BB1-A94E-469ADEE60C69}") = "Module.Web", "module.web\Module.Web.esproj", "{89C6D989-0962-5DFE-AFD5-ADCB63DBF452}"
EndProject
Global
	GlobalSection(SolutionConfigurationPlatforms) = preSolution
		Debug|Any CPU = Debug|Any CPU
		Release|Any CPU = Release|Any CPU
	EndGlobalSection
	GlobalSection(ProjectConfigurationPlatforms) = postSolution
		{34DBD550-CAFF-4E47-9DD2-1A2C108AD924}.Debug|Any CPU.ActiveCfg = Debug|Any CPU
		{34DBD550-CAFF-4E47-9DD2-1A2C108AD924}.Debug|Any CPU.Build.0 = Debug|Any CPU
		{34DBD550-CAFF-4E47-9DD2-1A2C108AD924}.Release|Any CPU.ActiveCfg = Release|Any CPU
		{34DBD550-CAFF-4E47-9DD2-1A2C108AD924}.Release|Any CPU.Build.0 = Release|Any CPU
		{745843B0-F86F-4CE1-BE21-E6FBCFE167DC}.Debug|Any CPU.ActiveCfg = Debug|Any CPU
		{745843B0-F86F-4CE1-BE21-E6FBCFE167DC}.Debug|Any CPU.Build.0 = Debug|Any CPU
		{745843B0-F86F-4CE1-BE21-E6FBCFE167DC}.Release|Any CPU.ActiveCfg = Release|Any CPU
		{745843B0-F86F-4CE1-BE21-E6FBCFE167DC}.Release|Any CPU.Build.0 = Release|Any CPU
		{71A94484-BE72-4864-AEC0-B42E766313BF}.Debug|Any CPU.ActiveCfg = Debug|Any CPU
		{71A94484-BE72-4864-AEC0-B42E766313BF}.Debug|Any CPU.Build.0 = Debug|Any CPU
		{71A94484-BE72-4864-AEC0-B42E766313BF}.Release|Any CPU.ActiveCfg = Release|Any CPU
		{71A94484-BE72-4864-AEC0-B42E766313BF}.Release|Any CPU.Build.0 = Release|Any CPU
		{1CEE60BE-837B-45B8-98B8-39DCA33C3134}.Debug|Any CPU.ActiveCfg = Debug|Any CPU
		{1CEE60BE-837B-45B8-98B8-39DCA33C3134}.Debug|Any CPU.Build.0 = Debug|Any CPU
		{1CEE60BE-837B-45B8-98B8-39DCA33C3134}.Release|Any CPU.ActiveCfg = Release|Any CPU
		{1CEE60BE-837B-45B8-98B8-39DCA33C3134}.Release|Any CPU.Build.0 = Release|Any CPU
		{89C6D989-0962-5DFE-AFD5-ADCB63DBF452}.Debug|Any CPU.ActiveCfg = Debug|Any CPU
		{89C6D989-0962-5DFE-AFD5-ADCB63DBF452}.Release|Any CPU.ActiveCfg = Release|Any CPU
	EndGlobalSection
	GlobalSection(SolutionProperties) = preSolution
		HideSolutionNode = FALSE
	EndGlobalSection
	GlobalSection(ExtensibilityGlobals) = postSolution
		SolutionGuid = {4AA50DC2-54A9-4E33-9DE0-B9ADC328895E}
	EndGlobalSection
EndGlobal
